github.com/x0ray/liborg v0.0.0-20210313195515-22a39c14e14b h1:19DtLNBV9Y8+uQ6oFl1JvloDaO3+6X4WUmv3Q/A1lCY=
github.com/x0ray/liborg v0.0.0-20210314164914-b4b9ae3dc74a h1:2RkXCfpSnrmDgwmk8D+rtf3QTDkvxPCaQxzIO/CRaYE=
github.com/x0ray/liborg v0.0.0-20210314164914-b4b9ae3dc74a/go.mod h1:QH+x7ouDn6zgmPBURTb/We/B3y33R1KcNE8DoES9mb0=
