github.com/x0ray/liborg v0.0.0-20210314164914-b4b9ae3dc74a h1:2RkXCfpSnrmDgwmk8D+rtf3QTDkvxPCaQxzIO/CRaYE=
github.com/x0ray/liborg v0.0.0-20210314164914-b4b9ae3dc74a/go.mod h1:QH+x7ouDn6zgmPBURTb/We/B3y33R1KcNE8DoES9mb0=
github.com/x0ray/liborg v0.0.0-20210319195734-15657d8ec9e5 h1:B99wpDpne2nCGJn2jvqgVsVLm4TFO1Kn2TrA+iko57E=
github.com/x0ray/liborg v0.0.0-20210319195734-15657d8ec9e5/go.mod h1:QH+x7ouDn6zgmPBURTb/We/B3y33R1KcNE8DoES9mb0=
